Microsoft Visual Studio Solution File, Format Version 12.00
# Visual Studio Version 17
VisualStudioVersion = 17.5.2.0
MinimumVisualStudioVersion = 10.0.40219.1
Project("{FAE04EC0-301F-11D3-BF4B-00C04F79EFBC}") = "MiProyectoEdd", "MiProyectoEdd.csproj", "{6109B8F0-CB4A-5225-841D-EEA5035C326F}"
EndProject
Global
	GlobalSection(SolutionConfigurationPlatforms) = preSolution
		Debug|Any CPU = Debug|Any CPU
		Release|Any CPU = Release|Any CPU
	EndGlobalSection
	GlobalSection(ProjectConfigurationPlatforms) = postSolution
		{6109B8F0-CB4A-5225-841D-EEA5035C326F}.Debug|Any CPU.ActiveCfg = Debug|Any CPU
		{6109B8F0-CB4A-5225-841D-EEA5035C326F}.Debug|Any CPU.Build.0 = Debug|Any CPU
		{6109B8F0-CB4A-5225-841D-EEA5035C326F}.Release|Any CPU.ActiveCfg = Release|Any CPU
		{6109B8F0-CB4A-5225-841D-EEA5035C326F}.Release|Any CPU.Build.0 = Release|Any CPU
	EndGlobalSection
	GlobalSection(SolutionProperties) = preSolution
		HideSolutionNode = FALSE
	EndGlobalSection
	GlobalSection(ExtensibilityGlobals) = postSolution
		SolutionGuid = {A99B1F7E-EF2F-4D64-B16C-AD7FF4888638}
	EndGlobalSection
EndGlobal
